SITE
  remote: http://community.opscode.com/api/v1
  specs:
    apt (2.9.2)
    ark (1.0.0)
      build-essential (>= 0.0.0)
      seven_zip (>= 0.0.0)
      windows (>= 0.0.0)
    build-essential (2.2.4)
    chef_gem (0.1.0)
    chef_handler (1.2.0)
    cron (1.7.3)
    homebrew (2.0.5)
      build-essential (>= 2.1.2)
    hostsfile (2.4.5)
    mysql (5.5.3)
      yum-mysql-community (>= 0.0.0)
    nodejs (2.4.4)
      apt (>= 0.0.0)
      ark (>= 0.0.0)
      build-essential (>= 0.0.0)
      homebrew (>= 0.0.0)
      yum-epel (>= 0.0.0)
    ruby_build (0.8.0)
    rvm (0.9.4)
      chef_gem (>= 0.0.0)
    seven_zip (1.0.4)
      windows (>= 1.2.2)
    system (0.10.1)
      apt (>= 0.0.0)
      cron (>= 0.0.0)
      hostsfile (>= 0.0.0)
    vim (2.0.0)
    windows (1.39.1)
      chef_handler (>= 0.0.0)
    yum (3.10.0)
    yum-epel (0.6.5)
      yum (~> 3.2)
    yum-mysql-community (0.1.21)
      yum (>= 3.2)

DEPENDENCIES
  apt (>= 0)
  build-essential (>= 0)
  mysql (= 5.5.3)
  nodejs (>= 0)
  ruby_build (>= 0)
  rvm (~> 0.9.4)
  system (~> 0.10.1)
  vim (>= 0)

